
Microsoft Visual Studio Solution File, Format Version 10.00
# Visual Studio 2008
Project("{FAE04EC0-301F-11D3-BF4B-00C04F79EFBC}") = "frmHorario", "frmHorario\frmHorario.csproj", "{0F67CA45-F211-484E-8FD2-1DFDFCD537BD}"
EndProject
Global
	GlobalSection(SolutionConfigurationPlatforms) = preSolution
		Debug|Any CPU = Debug|Any CPU
		Release|Any CPU = Release|Any CPU
	EndGlobalSection
	GlobalSection(ProjectConfigurationPlatforms) = postSolution
		{0F67CA45-F211-484E-8FD2-1DFDFCD537BD}.Debug|Any CPU.ActiveCfg = Debug|Any CPU
		{0F67CA45-F211-484E-8FD2-1DFDFCD537BD}.Debug|Any CPU.Build.0 = Debug|Any CPU
		{0F67CA45-F211-484E-8FD2-1DFDFCD537BD}.Release|Any CPU.ActiveCfg = Release|Any CPU
		{0F67CA45-F211-484E-8FD2-1DFDFCD537BD}.Release|Any CPU.Build.0 = Release|Any CPU
	EndGlobalSection
	GlobalSection(SolutionProperties) = preSolution
		HideSolutionNode = FALSE
	EndGlobalSection
EndGlobal
